
Microsoft Visual Studio Solution File, Format Version 12.00
# Visual Studio 15
Project("{FAE04EC0-301F-11D3-BF4B-00C04F79EFBC}") = "Assembly-CSharp", "Assembly-CSharp.csproj", "{6E30A586-DC70-429E-287C-CCD1B43AFA9C}"
EndProject
Project("{FAE04EC0-301F-11D3-BF4B-00C04F79EFBC}") = "Assembly-CSharp-firstpass", "Assembly-CSharp-firstpass.csproj", "{A07F4436-88AB-1C4E-514E-71619FF077DD}"
EndProject
Global
	GlobalSection(SolutionConfigurationPlatforms) = preSolution
		Debug|Any CPU = Debug|Any CPU
		Release|Any CPU = Release|Any CPU
	EndGlobalSection
	GlobalSection(ProjectConfigurationPlatforms) = postSolution
		{6E30A586-DC70-429E-287C-CCD1B43AFA9C}.Debug|Any CPU.ActiveCfg = Debug|Any CPU
		{6E30A586-DC70-429E-287C-CCD1B43AFA9C}.Debug|Any CPU.Build.0 = Debug|Any CPU
		{6E30A586-DC70-429E-287C-CCD1B43AFA9C}.Release|Any CPU.ActiveCfg = Release|Any CPU
		{6E30A586-DC70-429E-287C-CCD1B43AFA9C}.Release|Any CPU.Build.0 = Release|Any CPU
		{A07F4436-88AB-1C4E-514E-71619FF077DD}.Debug|Any CPU.ActiveCfg = Debug|Any CPU
		{A07F4436-88AB-1C4E-514E-71619FF077DD}.Debug|Any CPU.Build.0 = Debug|Any CPU
		{A07F4436-88AB-1C4E-514E-71619FF077DD}.Release|Any CPU.ActiveCfg = Release|Any CPU
		{A07F4436-88AB-1C4E-514E-71619FF077DD}.Release|Any CPU.Build.0 = Release|Any CPU
	EndGlobalSection
	GlobalSection(SolutionProperties) = preSolution
		HideSolutionNode = FALSE
	EndGlobalSection
EndGlobal
