
Microsoft Visual Studio Solution File, Format Version 12.00
# Visual Studio 15
Project("{FAE04EC0-301F-11D3-BF4B-00C04F79EFBC}") = "Assembly-CSharp", "Assembly-CSharp.csproj", "{565FB11C-15B8-E323-7546-DBCFC21B529E}"
EndProject
Global
	GlobalSection(SolutionConfigurationPlatforms) = preSolution
		Debug|Any CPU = Debug|Any CPU
		Release|Any CPU = Release|Any CPU
	EndGlobalSection
	GlobalSection(ProjectConfigurationPlatforms) = postSolution
		{565FB11C-15B8-E323-7546-DBCFC21B529E}.Debug|Any CPU.ActiveCfg = Debug|Any CPU
		{565FB11C-15B8-E323-7546-DBCFC21B529E}.Debug|Any CPU.Build.0 = Debug|Any CPU
		{565FB11C-15B8-E323-7546-DBCFC21B529E}.Release|Any CPU.ActiveCfg = Release|Any CPU
		{565FB11C-15B8-E323-7546-DBCFC21B529E}.Release|Any CPU.Build.0 = Release|Any CPU
	EndGlobalSection
	GlobalSection(SolutionProperties) = preSolution
		HideSolutionNode = FALSE
	EndGlobalSection
EndGlobal
